
Microsoft Visual Studio Solution File, Format Version 12.00
# Visual Studio 15
VisualStudioVersion = 15.0.27703.2000
MinimumVisualStudioVersion = 10.0.40219.1
Project("{9A19103F-16F7-4668-BE54-9A1E7A4F7556}") = "BlogInsecure", "BlogInsecure\BlogInsecure.csproj", "{FDF96AC0-51C2-404A-A58C-F97276562F9C}"
EndProject
Project("{E53339B2-1760-4266-BCC7-CA923CBCF16C}") = "docker-compose", "docker-compose.dcproj", "{516BDC62-7E1F-4D54-A6BC-B4EF524A7E35}"
EndProject
Project("{2150E333-8FDC-42A3-9474-1A3956D46DE8}") = "Services", "Services", "{9DDD44F8-853A-4D6B-9DAD-C88954A63BA8}"
EndProject
Project("{9A19103F-16F7-4668-BE54-9A1E7A4F7556}") = "Admin.Api", "Services\Admin.Api\Admin.Api.csproj", "{A5D680E4-7E73-4B38-BD97-8850DFDFC67C}"
EndProject
Project("{2150E333-8FDC-42A3-9474-1A3956D46DE8}") = "Database", "Database", "{82D0CF4B-4D38-4008-BB52-3DC6344B9639}"
	ProjectSection(SolutionItems) = preProject
		Database\Dockerfile = Database\Dockerfile
		Database\entrypoint.sh = Database\entrypoint.sh
		Database\SqlCmdScript.sql = Database\SqlCmdScript.sql
		Database\SqlCmdStartup.sh = Database\SqlCmdStartup.sh
	EndProjectSection
EndProject
Global
	GlobalSection(SolutionConfigurationPlatforms) = preSolution
		Debug|Any CPU = Debug|Any CPU
		Release|Any CPU = Release|Any CPU
	EndGlobalSection
	GlobalSection(ProjectConfigurationPlatforms) = postSolution
		{FDF96AC0-51C2-404A-A58C-F97276562F9C}.Debug|Any CPU.ActiveCfg = Debug|Any CPU
		{FDF96AC0-51C2-404A-A58C-F97276562F9C}.Debug|Any CPU.Build.0 = Debug|Any CPU
		{FDF96AC0-51C2-404A-A58C-F97276562F9C}.Release|Any CPU.ActiveCfg = Release|Any CPU
		{FDF96AC0-51C2-404A-A58C-F97276562F9C}.Release|Any CPU.Build.0 = Release|Any CPU
		{516BDC62-7E1F-4D54-A6BC-B4EF524A7E35}.Debug|Any CPU.ActiveCfg = Debug|Any CPU
		{516BDC62-7E1F-4D54-A6BC-B4EF524A7E35}.Debug|Any CPU.Build.0 = Debug|Any CPU
		{516BDC62-7E1F-4D54-A6BC-B4EF524A7E35}.Release|Any CPU.ActiveCfg = Release|Any CPU
		{516BDC62-7E1F-4D54-A6BC-B4EF524A7E35}.Release|Any CPU.Build.0 = Release|Any CPU
		{A5D680E4-7E73-4B38-BD97-8850DFDFC67C}.Debug|Any CPU.ActiveCfg = Debug|Any CPU
		{A5D680E4-7E73-4B38-BD97-8850DFDFC67C}.Debug|Any CPU.Build.0 = Debug|Any CPU
		{A5D680E4-7E73-4B38-BD97-8850DFDFC67C}.Release|Any CPU.ActiveCfg = Release|Any CPU
		{A5D680E4-7E73-4B38-BD97-8850DFDFC67C}.Release|Any CPU.Build.0 = Release|Any CPU
	EndGlobalSection
	GlobalSection(SolutionProperties) = preSolution
		HideSolutionNode = FALSE
	EndGlobalSection
	GlobalSection(NestedProjects) = preSolution
		{A5D680E4-7E73-4B38-BD97-8850DFDFC67C} = {9DDD44F8-853A-4D6B-9DAD-C88954A63BA8}
	EndGlobalSection
	GlobalSection(ExtensibilityGlobals) = postSolution
		SolutionGuid = {4478A551-4BCC-4A11-87DC-B7820F44411F}
	EndGlobalSection
EndGlobal
